// !$*UTF8*$!
{
	archiveVersion = 1;
	classes = {
	};
	objectVersion = 56;
	objects = {

/* Begin PBXBuildFile section */
		1F14D5A52BC14BA00071555C /* Learning_Swift_UIApp.swift in Sources */ = {isa = PBXBuildFile; fileRef = 1F14D5A42BC14BA00071555C /* Learning_Swift_UIApp.swift */; };
		1F14D5A72BC14BA00071555C /* ContentView.swift in Sources */ = {isa = PBXBuildFile; fileRef = 1F14D5A62BC14BA00071555C /* ContentView.swift */; };
		1F14D5A92BC14BA30071555C /* Assets.xcassets in Resources */ = {isa = PBXBuildFile; fileRef = 1F14D5A82BC14BA30071555C /* Assets.xcassets */; };
		1F14D5AC2BC14BA30071555C /* Preview Assets.xcassets in Resources */ = {isa = PBXBuildFile; fileRef = 1F14D5AB2BC14BA30071555C /* Preview Assets.xcassets */; };
		1F14D5B62BC14BA30071555C /* Learning_Swift_UITests.swift in Sources */ = {isa = PBXBuildFile; fileRef = 1F14D5B52BC14BA30071555C /* Learning_Swift_UITests.swift */; };
		1F14D5C02BC14BA30071555C /* Learning_Swift_UIUITests.swift in Sources */ = {isa = PBXBuildFile; fileRef = 1F14D5BF2BC14BA30071555C /* Learning_Swift_UIUITests.swift */; };
		1F14D5C22BC14BA30071555C /* Learning_Swift_UIUITestsLaunchTests.swift in Sources */ = {isa = PBXBuildFile; fileRef = 1F14D5C12BC14BA30071555C /* Learning_Swift_UIUITestsLaunchTests.swift */; };
		1F14D5CF2BC1502D0071555C /* BridgeView.swift in Sources */ = {isa = PBXBuildFile; fileRef = 1F14D5CE2BC1502D0071555C /* BridgeView.swift */; };
		1F14D5D12BC152B60071555C /* MapView.swift in Sources */ = {isa = PBXBuildFile; fileRef = 1F14D5D02BC152B60071555C /* MapView.swift */; };
/* End PBXBuildFile section */

/* Begin PBXContainerItemProxy section */
		1F14D5B22BC14BA30071555C /* PBXContainerItemProxy */ = {
			isa = PBXContainerItemProxy;
			containerPortal = 1F14D5992BC14BA00071555C /* Project object */;
			proxyType = 1;
			remoteGlobalIDString = 1F14D5A02BC14BA00071555C;
			remoteInfo = "Learning Swift UI";
		};
		1F14D5BC2BC14BA30071555C /* PBXContainerItemProxy */ = {
			isa = PBXContainerItemProxy;
			containerPortal = 1F14D5992BC14BA00071555C /* Project object */;
			proxyType = 1;
			remoteGlobalIDString = 1F14D5A02BC14BA00071555C;
			remoteInfo = "Learning Swift UI";
		};
/* End PBXContainerItemProxy section */

/* Begin PBXFileReference section */
		1F14D5A12BC14BA00071555C /* Learning Swift UI.app */ = {isa = PBXFileReference; explicitFileType = wrapper.application; includeInIndex = 0; path = "Learning Swift UI.app"; sourceTree = BUILT_PRODUCTS_DIR; };
		1F14D5A42BC14BA00071555C /* Learning_Swift_UIApp.swift */ = {isa = PBXFileReference; lastKnownFileType = sourcecode.swift; path = Learning_Swift_UIApp.swift; sourceTree = "<group>"; };
		1F14D5A62BC14BA00071555C /* ContentView.swift */ = {isa = PBXFileReference; lastKnownFileType = sourcecode.swift; path = ContentView.swift; sourceTree = "<group>"; };
		1F14D5A82BC14BA30071555C /* Assets.xcassets */ = {isa = PBXFileReference; lastKnownFileType = folder.assetcatalog; path = Assets.xcassets; sourceTree = "<group>"; };
		1F14D5AB2BC14BA30071555C /* Preview Assets.xcassets */ = {isa = PBXFileReference; lastKnownFileType = folder.assetcatalog; path = "Preview Assets.xcassets"; sourceTree = "<group>"; };
		1F14D5B12BC14BA30071555C /* Learning Swift UITests.xctest */ = {isa = PBXFileReference; explicitFileType = wrapper.cfbundle; includeInIndex = 0; path = "Learning Swift UITests.xctest"; sourceTree = BUILT_PRODUCTS_DIR; };
		1F14D5B52BC14BA30071555C /* Learning_Swift_UITests.swift */ = {isa = PBXFileReference; lastKnownFileType = sourcecode.swift; path = Learning_Swift_UITests.swift; sourceTree = "<group>"; };
		1F14D5BB2BC14BA30071555C /* Learning Swift UIUITests.xctest */ = {isa = PBXFileReference; explicitFileType = wrapper.cfbundle; includeInIndex = 0; path = "Learning Swift UIUITests.xctest"; sourceTree = BUILT_PRODUCTS_DIR; };
		1F14D5BF2BC14BA30071555C /* Learning_Swift_UIUITests.swift */ = {isa = PBXFileReference; lastKnownFileType = sourcecode.swift; path = Learning_Swift_UIUITests.swift; sourceTree = "<group>"; };
		1F14D5C12BC14BA30071555C /* Learning_Swift_UIUITestsLaunchTests.swift */ = {isa = PBXFileReference; lastKnownFileType = sourcecode.swift; path = Learning_Swift_UIUITestsLaunchTests.swift; sourceTree = "<group>"; };
		1F14D5CE2BC1502D0071555C /* BridgeView.swift */ = {isa = PBXFileReference; lastKnownFileType = sourcecode.swift; path = BridgeView.swift; sourceTree = "<group>"; };
		1F14D5D02BC152B60071555C /* MapView.swift */ = {isa = PBXFileReference; lastKnownFileType = sourcecode.swift; path = MapView.swift; sourceTree = "<group>"; };
/* End PBXFileReference section */

/* Begin PBXFrameworksBuildPhase section */
		1F14D59E2BC14BA00071555C /* Frameworks */ = {
			isa = PBXFrameworksBuildPhase;
			buildActionMask = 2147483647;
			files = (
			);
			runOnlyForDeploymentPostprocessing = 0;
		};
		1F14D5AE2BC14BA30071555C /* Frameworks */ = {
			isa = PBXFrameworksBuildPhase;
			buildActionMask = 2147483647;
			files = (
			);
			runOnlyForDeploymentPostprocessing = 0;
		};
		1F14D5B82BC14BA30071555C /* Frameworks */ = {
			isa = PBXFrameworksBuildPhase;
			buildActionMask = 2147483647;
			files = (
			);
			runOnlyForDeploymentPostprocessing = 0;
		};
/* End PBXFrameworksBuildPhase section */

/* Begin PBXGroup section */
		1F14D5982BC14BA00071555C = {
			isa = PBXGroup;
			children = (
				1F14D5A32BC14BA00071555C /* Learning Swift UI */,
				1F14D5B42BC14BA30071555C /* Learning Swift UITests */,
				1F14D5BE2BC14BA30071555C /* Learning Swift UIUITests */,
				1F14D5A22BC14BA00071555C /* Products */,
			);
			sourceTree = "<group>";
		};
		1F14D5A22BC14BA00071555C /* Products */ = {
			isa = PBXGroup;
			children = (
				1F14D5A12BC14BA00071555C /* Learning Swift UI.app */,
				1F14D5B12BC14BA30071555C /* Learning Swift UITests.xctest */,
				1F14D5BB2BC14BA30071555C /* Learning Swift UIUITests.xctest */,
			);
			name = Products;
			sourceTree = "<group>";
		};
		1F14D5A32BC14BA00071555C /* Learning Swift UI */ = {
			isa = PBXGroup;
			children = (
				1F14D5A42BC14BA00071555C /* Learning_Swift_UIApp.swift */,
				1F14D5A62BC14BA00071555C /* ContentView.swift */,
				1F14D5CE2BC1502D0071555C /* BridgeView.swift */,
				1F14D5D02BC152B60071555C /* MapView.swift */,
				1F14D5A82BC14BA30071555C /* Assets.xcassets */,
				1F14D5AA2BC14BA30071555C /* Preview Content */,
			);
			path = "Learning Swift UI";
			sourceTree = "<group>";
		};
		1F14D5AA2BC14BA30071555C /* Preview Content */ = {
			isa = PBXGroup;
			children = (
				1F14D5AB2BC14BA30071555C /* Preview Assets.xcassets */,
			);
			path = "Preview Content";
			sourceTree = "<group>";
		};
		1F14D5B42BC14BA30071555C /* Learning Swift UITests */ = {
			isa = PBXGroup;
			children = (
				1F14D5B52BC14BA30071555C /* Learning_Swift_UITests.swift */,
			);
			path = "Learning Swift UITests";
			sourceTree = "<group>";
		};
		1F14D5BE2BC14BA30071555C /* Learning Swift UIUITests */ = {
			isa = PBXGroup;
			children = (
				1F14D5BF2BC14BA30071555C /* Learning_Swift_UIUITests.swift */,
				1F14D5C12BC14BA30071555C /* Learning_Swift_UIUITestsLaunchTests.swift */,
			);
			path = "Learning Swift UIUITests";
			sourceTree = "<group>";
		};
/* End PBXGroup section */

/* Begin PBXNativeTarget section */
		1F14D5A02BC14BA00071555C /* Learning Swift UI */ = {
			isa = PBXNativeTarget;
			buildConfigurationList = 1F14D5C52BC14BA30071555C /* Build configuration list for PBXNativeTarget "Learning Swift UI" */;
			buildPhases = (
				1F14D59D2BC14BA00071555C /* Sources */,
				1F14D59E2BC14BA00071555C /* Frameworks */,
				1F14D59F2BC14BA00071555C /* Resources */,
			);
			buildRules = (
			);
			dependencies = (
			);
			name = "Learning Swift UI";
			productName = "Learning Swift UI";
			productReference = 1F14D5A12BC14BA00071555C /* Learning Swift UI.app */;
			productType = "com.apple.product-type.application";
		};
		1F14D5B02BC14BA30071555C /* Learning Swift UITests */ = {
			isa = PBXNativeTarget;
			buildConfigurationList = 1F14D5C82BC14BA30071555C /* Build configuration list for PBXNativeTarget "Learning Swift UITests" */;
			buildPhases = (
				1F14D5AD2BC14BA30071555C /* Sources */,
				1F14D5AE2BC14BA30071555C /* Frameworks */,
				1F14D5AF2BC14BA30071555C /* Resources */,
			);
			buildRules = (
			);
			dependencies = (
				1F14D5B32BC14BA30071555C /* PBXTargetDependency */,
			);
			name = "Learning Swift UITests";
			productName = "Learning Swift UITests";
			productReference = 1F14D5B12BC14BA30071555C /* Learning Swift UITests.xctest */;
			productType = "com.apple.product-type.bundle.unit-test";
		};
		1F14D5BA2BC14BA30071555C /* Learning Swift UIUITests */ = {
			isa = PBXNativeTarget;
			buildConfigurationList = 1F14D5CB2BC14BA30071555C /* Build configuration list for PBXNativeTarget "Learning Swift UIUITests" */;
			buildPhases = (
				1F14D5B72BC14BA30071555C /* Sources */,
				1F14D5B82BC14BA30071555C /* Frameworks */,
				1F14D5B92BC14BA30071555C /* Resources */,
			);
			buildRules = (
			);
			dependencies = (
				1F14D5BD2BC14BA30071555C /* PBXTargetDependency */,
			);
			name = "Learning Swift UIUITests";
			productName = "Learning Swift UIUITests";
			productReference = 1F14D5BB2BC14BA30071555C /* Learning Swift UIUITests.xctest */;
			productType = "com.apple.product-type.bundle.ui-testing";
		};
/* End PBXNativeTarget section */

/* Begin PBXProject section */
		1F14D5992BC14BA00071555C /* Project object */ = {
			isa = PBXProject;
			attributes = {
				BuildIndependentTargetsInParallel = 1;
				LastSwiftUpdateCheck = 1530;
				LastUpgradeCheck = 1530;
				TargetAttributes = {
					1F14D5A02BC14BA00071555C = {
						CreatedOnToolsVersion = 15.3;
					};
					1F14D5B02BC14BA30071555C = {
						CreatedOnToolsVersion = 15.3;
						TestTargetID = 1F14D5A02BC14BA00071555C;
					};
					1F14D5BA2BC14BA30071555C = {
						CreatedOnToolsVersion = 15.3;
						TestTargetID = 1F14D5A02BC14BA00071555C;
					};
				};
			};
			buildConfigurationList = 1F14D59C2BC14BA00071555C /* Build configuration list for PBXProject "Learning Swift UI" */;
			compatibilityVersion = "Xcode 14.0";
			developmentRegion = en;
			hasScannedForEncodings = 0;
			knownRegions = (
				en,
				Base,
			);
			mainGroup = 1F14D5982BC14BA00071555C;
			productRefGroup = 1F14D5A22BC14BA00071555C /* Products */;
			projectDirPath = "";
			projectRoot = "";
			targets = (
				1F14D5A02BC14BA00071555C /* Learning Swift UI */,
				1F14D5B02BC14BA30071555C /* Learning Swift UITests */,
				1F14D5BA2BC14BA30071555C /* Learning Swift UIUITests */,
			);
		};
/* End PBXProject section */

/* Begin PBXResourcesBuildPhase section */
		1F14D59F2BC14BA00071555C /* Resources */ = {
			isa = PBXResourcesBuildPhase;
			buildActionMask = 2147483647;
			files = (
				1F14D5AC2BC14BA30071555C /* Preview Assets.xcassets in Resources */,
				1F14D5A92BC14BA30071555C /* Assets.xcassets in Resources */,
			);
			runOnlyForDeploymentPostprocessing = 0;
		};
		1F14D5AF2BC14BA30071555C /* Resources */ = {
			isa = PBXResourcesBuildPhase;
			buildActionMask = 2147483647;
			files = (
			);
			runOnlyForDeploymentPostprocessing = 0;
		};
		1F14D5B92BC14BA30071555C /* Resources */ = {
			isa = PBXResourcesBuildPhase;
			buildActionMask = 2147483647;
			files = (
			);
			runOnlyForDeploymentPostprocessing = 0;
		};
/* End PBXResourcesBuildPhase section */

/* Begin PBXSourcesBuildPhase section */
		1F14D59D2BC14BA00071555C /* Sources */ = {
			isa = PBXSourcesBuildPhase;
			buildActionMask = 2147483647;
			files = (
				1F14D5A72BC14BA00071555C /* ContentView.swift in Sources */,
				1F14D5D12BC152B60071555C /* MapView.swift in Sources */,
				1F14D5A52BC14BA00071555C /* Learning_Swift_UIApp.swift in Sources */,
				1F14D5CF2BC1502D0071555C /* BridgeView.swift in Sources */,
			);
			runOnlyForDeploymentPostprocessing = 0;
		};
		1F14D5AD2BC14BA30071555C /* Sources */ = {
			isa = PBXSourcesBuildPhase;
			buildActionMask = 2147483647;
			files = (
				1F14D5B62BC14BA30071555C /* Learning_Swift_UITests.swift in Sources */,
			);
			runOnlyForDeploymentPostprocessing = 0;
		};
		1F14D5B72BC14BA30071555C /* Sources */ = {
			isa = PBXSourcesBuildPhase;
			buildActionMask = 2147483647;
			files = (
				1F14D5C22BC14BA30071555C /* Learning_Swift_UIUITestsLaunchTests.swift in Sources */,
				1F14D5C02BC14BA30071555C /* Learning_Swift_UIUITests.swift in Sources */,
			);
			runOnlyForDeploymentPostprocessing = 0;
		};
/* End PBXSourcesBuildPhase section */

/* Begin PBXTargetDependency section */
		1F14D5B32BC14BA30071555C /* PBXTargetDependency */ = {
			isa = PBXTargetDependency;
			target = 1F14D5A02BC14BA00071555C /* Learning Swift UI */;
			targetProxy = 1F14D5B22BC14BA30071555C /* PBXContainerItemProxy */;
		};
		1F14D5BD2BC14BA30071555C /* PBXTargetDependency */ = {
			isa = PBXTargetDependency;
			target = 1F14D5A02BC14BA00071555C /* Learning Swift UI */;
			targetProxy = 1F14D5BC2BC14BA30071555C /* PBXContainerItemProxy */;
		};
/* End PBXTargetDependency section */

/* Begin XCBuildConfiguration section */
		1F14D5C32BC14BA30071555C /* Debug */ = {
			isa = XCBuildConfiguration;
			buildSettings = {
				ALWAYS_SEARCH_USER_PATHS = NO;
				ASSETCATALOG_COMPILER_GENERATE_SWIFT_ASSET_SYMBOL_EXTENSIONS = YES;
				CLANG_ANALYZER_NONNULL = YES;
				CLANG_ANALYZER_NUMBER_OBJECT_CONVERSION = YES_AGGRESSIVE;
				CLANG_CXX_LANGUAGE_STANDARD = "gnu++20";
				CLANG_ENABLE_MODULES = YES;
				CLANG_ENABLE_OBJC_ARC = YES;
				CLANG_ENABLE_OBJC_WEAK = YES;
				CLANG_WARN_BLOCK_CAPTURE_AUTORELEASING = YES;
				CLANG_WARN_BOOL_CONVERSION = YES;
				CLANG_WARN_COMMA = YES;
				CLANG_WARN_CONSTANT_CONVERSION = YES;
				CLANG_WARN_DEPRECATED_OBJC_IMPLEMENTATIONS = YES;
				CLANG_WARN_DIRECT_OBJC_ISA_USAGE = YES_ERROR;
				CLANG_WARN_DOCUMENTATION_COMMENTS = YES;
				CLANG_WARN_EMPTY_BODY = YES;
				CLANG_WARN_ENUM_CONVERSION = YES;
				CLANG_WARN_INFINITE_RECURSION = YES;
				CLANG_WARN_INT_CONVERSION = YES;
				CLANG_WARN_NON_LITERAL_NULL_CONVERSION = YES;
				CLANG_WARN_OBJC_IMPLICIT_RETAIN_SELF = YES;
				CLANG_WARN_OBJC_LITERAL_CONVERSION = YES;
				CLANG_WARN_OBJC_ROOT_CLASS = YES_ERROR;
				CLANG_WARN_QUOTED_INCLUDE_IN_FRAMEWORK_HEADER = YES;
				CLANG_WARN_RANGE_LOOP_ANALYSIS = YES;
				CLANG_WARN_STRICT_PROTOTYPES = YES;
				CLANG_WARN_SUSPICIOUS_MOVE = YES;
				CLANG_WARN_UNGUARDED_AVAILABILITY = YES_AGGRESSIVE;
				CLANG_WARN_UNREACHABLE_CODE = YES;
				CLANG_WARN__DUPLICATE_METHOD_MATCH = YES;
				COPY_PHASE_STRIP = NO;
				DEBUG_INFORMATION_FORMAT = dwarf;
				ENABLE_STRICT_OBJC_MSGSEND = YES;
				ENABLE_TESTABILITY = YES;
				ENABLE_USER_SCRIPT_SANDBOXING = YES;
				GCC_C_LANGUAGE_STANDARD = gnu17;
				GCC_DYNAMIC_NO_PIC = NO;
				GCC_NO_COMMON_BLOCKS = YES;
				GCC_OPTIMIZATION_LEVEL = 0;
				GCC_PREPROCESSOR_DEFINITIONS = (
					"DEBUG=1",
					"$(inherited)",
				);
				GCC_WARN_64_TO_32_BIT_CONVERSION = YES;
				GCC_WARN_ABOUT_RETURN_TYPE = YES_ERROR;
				GCC_WARN_UNDECLARED_SELECTOR = YES;
				GCC_WARN_UNINITIALIZED_AUTOS = YES_AGGRESSIVE;
				GCC_WARN_UNUSED_FUNCTION = YES;
				GCC_WARN_UNUSED_VARIABLE = YES;
				IPHONEOS_DEPLOYMENT_TARGET = 17.4;
				LOCALIZATION_PREFERS_STRING_CATALOGS = YES;
				MTL_ENABLE_DEBUG_INFO = INCLUDE_SOURCE;
				MTL_FAST_MATH = YES;
				ONLY_ACTIVE_ARCH = YES;
				SDKROOT = iphoneos;
				SWIFT_ACTIVE_COMPILATION_CONDITIONS = "DEBUG $(inherited)";
				SWIFT_OPTIMIZATION_LEVEL = "-Onone";
			};
			name = Debug;
		};
		1F14D5C42BC14BA30071555C /* Release */ = {
			isa = XCBuildConfiguration;
			buildSettings = {
				ALWAYS_SEARCH_USER_PATHS = NO;
				ASSETCATALOG_COMPILER_GENERATE_SWIFT_ASSET_SYMBOL_EXTENSIONS = YES;
				CLANG_ANALYZER_NONNULL = YES;
				CLANG_ANALYZER_NUMBER_OBJECT_CONVERSION = YES_AGGRESSIVE;
				CLANG_CXX_LANGUAGE_STANDARD = "gnu++20";
				CLANG_ENABLE_MODULES = YES;
				CLANG_ENABLE_OBJC_ARC = YES;
				CLANG_ENABLE_OBJC_WEAK = YES;
				CLANG_WARN_BLOCK_CAPTURE_AUTORELEASING = YES;
				CLANG_WARN_BOOL_CONVERSION = YES;
				CLANG_WARN_COMMA = YES;
				CLANG_WARN_CONSTANT_CONVERSION = YES;
				CLANG_WARN_DEPRECATED_OBJC_IMPLEMENTATIONS = YES;
				CLANG_WARN_DIRECT_OBJC_ISA_USAGE = YES_ERROR;
				CLANG_WARN_DOCUMENTATION_COMMENTS = YES;
				CLANG_WARN_EMPTY_BODY = YES;
				CLANG_WARN_ENUM_CONVERSION = YES;
				CLANG_WARN_INFINITE_RECURSION = YES;
				CLANG_WARN_INT_CONVERSION = YES;
				CLANG_WARN_NON_LITERAL_NULL_CONVERSION = YES;
				CLANG_WARN_OBJC_IMPLICIT_RETAIN_SELF = YES;
				CLANG_WARN_OBJC_LITERAL_CONVERSION = YES;
				CLANG_WARN_OBJC_ROOT_CLASS = YES_ERROR;
				CLANG_WARN_QUOTED_INCLUDE_IN_FRAMEWORK_HEADER = YES;
				CLANG_WARN_RANGE_LOOP_ANALYSIS = YES;
				CLANG_WARN_STRICT_PROTOTYPES = YES;
				CLANG_WARN_SUSPICIOUS_MOVE = YES;
				CLANG_WARN_UNGUARDED_AVAILABILITY = YES_AGGRESSIVE;
				CLANG_WARN_UNREACHABLE_CODE = YES;
				CLANG_WARN__DUPLICATE_METHOD_MATCH = YES;
				COPY_PHASE_STRIP = NO;
				DEBUG_INFORMATION_FORMAT = "dwarf-with-dsym";
				ENABLE_NS_ASSERTIONS = NO;
				ENABLE_STRICT_OBJC_MSGSEND = YES;
				ENABLE_USER_SCRIPT_SANDBOXING = YES;
				GCC_C_LANGUAGE_STANDARD = gnu17;
				GCC_NO_COMMON_BLOCKS = YES;
				GCC_WARN_64_TO_32_BIT_CONVERSION = YES;
				GCC_WARN_ABOUT_RETURN_TYPE = YES_ERROR;
				GCC_WARN_UNDECLARED_SELECTOR = YES;
				GCC_WARN_UNINITIALIZED_AUTOS = YES_AGGRESSIVE;
				GCC_WARN_UNUSED_FUNCTION = YES;
				GCC_WARN_UNUSED_VARIABLE = YES;
				IPHONEOS_DEPLOYMENT_TARGET = 17.4;
				LOCALIZATION_PREFERS_STRING_CATALOGS = YES;
				MTL_ENABLE_DEBUG_INFO = NO;
				MTL_FAST_MATH = YES;
				SDKROOT = iphoneos;
				SWIFT_COMPILATION_MODE = wholemodule;
				VALIDATE_PRODUCT = YES;
			};
			name = Release;
		};
		1F14D5C62BC14BA30071555C /* Debug */ = {
			isa = XCBuildConfiguration;
			buildSettings = {
				ASSETCATALOG_COMPILER_APPICON_NAME = AppIcon;
				ASSETCATALOG_COMPILER_GLOBAL_ACCENT_COLOR_NAME = AccentColor;
				CODE_SIGN_STYLE = Automatic;
				CURRENT_PROJECT_VERSION = 1;
				DEVELOPMENT_ASSET_PATHS = "\"Learning Swift UI/Preview Content\"";
				DEVELOPMENT_TEAM = F3639MHLRN;
				ENABLE_PREVIEWS = YES;
				GENERATE_INFOPLIST_FILE = YES;
				INFOPLIST_KEY_UIApplicationSceneManifest_Generation = YES;
				INFOPLIST_KEY_UIApplicationSupportsIndirectInputEvents = YES;
				INFOPLIST_KEY_UILaunchScreen_Generation = YES;
				INFOPLIST_KEY_UISupportedInterfaceOrientations_iPad = "UIInterfaceOrientationPortrait UIInterfaceOrientationPortraitUpsideDown UIInterfaceOrientationLandscapeLeft UIInterfaceOrientationLandscapeRight";
				INFOPLIST_KEY_UISupportedInterfaceOrientations_iPhone = "UIInterfaceOrientationPortrait UIInterfaceOrientationLandscapeLeft UIInterfaceOrientationLandscapeRight";
				LD_RUNPATH_SEARCH_PATHS = (
					"$(inherited)",
					"@executable_path/Frameworks",
				);
				MARKETING_VERSION = 1.0;
				PRODUCT_BUNDLE_IDENTIFIER = "viorel.Learning-Swift-UI";
				PRODUCT_NAME = "$(TARGET_NAME)";
				SWIFT_EMIT_LOC_STRINGS = YES;
				SWIFT_VERSION = 5.0;
				TARGETED_DEVICE_FAMILY = "1,2";
			};
			name = Debug;
		};
		1F14D5C72BC14BA30071555C /* Release */ = {
			isa = XCBuildConfiguration;
			buildSettings = {
				ASSETCATALOG_COMPILER_APPICON_NAME = AppIcon;
				ASSETCATALOG_COMPILER_GLOBAL_ACCENT_COLOR_NAME = AccentColor;
				CODE_SIGN_STYLE = Automatic;
				CURRENT_PROJECT_VERSION = 1;
				DEVELOPMENT_ASSET_PATHS = "\"Learning Swift UI/Preview Content\"";
				DEVELOPMENT_TEAM = F3639MHLRN;
				ENABLE_PREVIEWS = YES;
				GENERATE_INFOPLIST_FILE = YES;
				INFOPLIST_KEY_UIApplicationSceneManifest_Generation = YES;
				INFOPLIST_KEY_UIApplicationSupportsIndirectInputEvents = YES;
				INFOPLIST_KEY_UILaunchScreen_Generation = YES;
				INFOPLIST_KEY_UISupportedInterfaceOrientations_iPad = "UIInterfaceOrientationPortrait UIInterfaceOrientationPortraitUpsideDown UIInterfaceOrientationLandscapeLeft UIInterfaceOrientationLandscapeRight";
				INFOPLIST_KEY_UISupportedInterfaceOrientations_iPhone = "UIInterfaceOrientationPortrait UIInterfaceOrientationLandscapeLeft UIInterfaceOrientationLandscapeRight";
				LD_RUNPATH_SEARCH_PATHS = (
					"$(inherited)",
					"@executable_path/Frameworks",
				);
				MARKETING_VERSION = 1.0;
				PRODUCT_BUNDLE_IDENTIFIER = "viorel.Learning-Swift-UI";
				PRODUCT_NAME = "$(TARGET_NAME)";
				SWIFT_EMIT_LOC_STRINGS = YES;
				SWIFT_VERSION = 5.0;
				TARGETED_DEVICE_FAMILY = "1,2";
			};
			name = Release;
		};
		1F14D5C92BC14BA30071555C /* Debug */ = {
			isa = XCBuildConfiguration;
			buildSettings = {
				ALWAYS_EMBED_SWIFT_STANDARD_LIBRARIES = YES;
				BUNDLE_LOADER = "$(TEST_HOST)";
				CODE_SIGN_STYLE = Automatic;
				CURRENT_PROJECT_VERSION = 1;
				DEVELOPMENT_TEAM = F3639MHLRN;
				GENERATE_INFOPLIST_FILE = YES;
				IPHONEOS_DEPLOYMENT_TARGET = 17.4;
				MARKETING_VERSION = 1.0;
				PRODUCT_BUNDLE_IDENTIFIER = "viorel.Learning-Swift-UITests";
				PRODUCT_NAME = "$(TARGET_NAME)";
				SWIFT_EMIT_LOC_STRINGS = NO;
				SWIFT_VERSION = 5.0;
				TARGETED_DEVICE_FAMILY = "1,2";
				TEST_HOST = "$(BUILT_PRODUCTS_DIR)/Learning Swift UI.app/$(BUNDLE_EXECUTABLE_FOLDER_PATH)/Learning Swift UI";
			};
			name = Debug;
		};
		1F14D5CA2BC14BA30071555C /* Release */ = {
			isa = XCBuildConfiguration;
			buildSettings = {
				ALWAYS_EMBED_SWIFT_STANDARD_LIBRARIES = YES;
				BUNDLE_LOADER = "$(TEST_HOST)";
				CODE_SIGN_STYLE = Automatic;
				CURRENT_PROJECT_VERSION = 1;
				DEVELOPMENT_TEAM = F3639MHLRN;
				GENERATE_INFOPLIST_FILE = YES;
				IPHONEOS_DEPLOYMENT_TARGET = 17.4;
				MARKETING_VERSION = 1.0;
				PRODUCT_BUNDLE_IDENTIFIER = "viorel.Learning-Swift-UITests";
				PRODUCT_NAME = "$(TARGET_NAME)";
				SWIFT_EMIT_LOC_STRINGS = NO;
				SWIFT_VERSION = 5.0;
				TARGETED_DEVICE_FAMILY = "1,2";
				TEST_HOST = "$(BUILT_PRODUCTS_DIR)/Learning Swift UI.app/$(BUNDLE_EXECUTABLE_FOLDER_PATH)/Learning Swift UI";
			};
			name = Release;
		};
		1F14D5CC2BC14BA30071555C /* Debug */ = {
			isa = XCBuildConfiguration;
			buildSettings = {
				ALWAYS_EMBED_SWIFT_STANDARD_LIBRARIES = YES;
				CODE_SIGN_STYLE = Automatic;
				CURRENT_PROJECT_VERSION = 1;
				DEVELOPMENT_TEAM = F3639MHLRN;
				GENERATE_INFOPLIST_FILE = YES;
				MARKETING_VERSION = 1.0;
				PRODUCT_BUNDLE_IDENTIFIER = "viorel.Learning-Swift-UIUITests";
				PRODUCT_NAME = "$(TARGET_NAME)";
				SWIFT_EMIT_LOC_STRINGS = NO;
				SWIFT_VERSION = 5.0;
				TARGETED_DEVICE_FAMILY = "1,2";
				TEST_TARGET_NAME = "Learning Swift UI";
			};
			name = Debug;
		};
		1F14D5CD2BC14BA30071555C /* Release */ = {
			isa = XCBuildConfiguration;
			buildSettings = {
				ALWAYS_EMBED_SWIFT_STANDARD_LIBRARIES = YES;
				CODE_SIGN_STYLE = Automatic;
				CURRENT_PROJECT_VERSION = 1;
				DEVELOPMENT_TEAM = F3639MHLRN;
				GENERATE_INFOPLIST_FILE = YES;
				MARKETING_VERSION = 1.0;
				PRODUCT_BUNDLE_IDENTIFIER = "viorel.Learning-Swift-UIUITests";
				PRODUCT_NAME = "$(TARGET_NAME)";
				SWIFT_EMIT_LOC_STRINGS = NO;
				SWIFT_VERSION = 5.0;
				TARGETED_DEVICE_FAMILY = "1,2";
				TEST_TARGET_NAME = "Learning Swift UI";
			};
			name = Release;
		};
/* End XCBuildConfiguration section */

/* Begin XCConfigurationList section */
		1F14D59C2BC14BA00071555C /* Build configuration list for PBXProject "Learning Swift UI" */ = {
			isa = XCConfigurationList;
			buildConfigurations = (
				1F14D5C32BC14BA30071555C /* Debug */,
				1F14D5C42BC14BA30071555C /* Release */,
			);
			defaultConfigurationIsVisible = 0;
			defaultConfigurationName = Release;
		};
		1F14D5C52BC14BA30071555C /* Build configuration list for PBXNativeTarget "Learning Swift UI" */ = {
			isa = XCConfigurationList;
			buildConfigurations = (
				1F14D5C62BC14BA30071555C /* Debug */,
				1F14D5C72BC14BA30071555C /* Release */,
			);
			defaultConfigurationIsVisible = 0;
			defaultConfigurationName = Release;
		};
		1F14D5C82BC14BA30071555C /* Build configuration list for PBXNativeTarget "Learning Swift UITests" */ = {
			isa = XCConfigurationList;
			buildConfigurations = (
				1F14D5C92BC14BA30071555C /* Debug */,
				1F14D5CA2BC14BA30071555C /* Release */,
			);
			defaultConfigurationIsVisible = 0;
			defaultConfigurationName = Release;
		};
		1F14D5CB2BC14BA30071555C /* Build configuration list for PBXNativeTarget "Learning Swift UIUITests" */ = {
			isa = XCConfigurationList;
			buildConfigurations = (
				1F14D5CC2BC14BA30071555C /* Debug */,
				1F14D5CD2BC14BA30071555C /* Release */,
			);
			defaultConfigurationIsVisible = 0;
			defaultConfigurationName = Release;
		};
/* End XCConfigurationList section */
	};
	rootObject = 1F14D5992BC14BA00071555C /* Project object */;
}
